
Microsoft Visual Studio Solution File, Format Version 12.00
# Visual Studio 15
Project("{FAE04EC0-301F-11D3-BF4B-00C04F79EFBC}") = "KinoBloom.Runtime", "KinoBloom.Runtime.csproj", "{1C4407BD-E723-782C-1093-10796C9009DB}"
EndProject
Project("{FAE04EC0-301F-11D3-BF4B-00C04F79EFBC}") = "CFXRDemo", "CFXRDemo.csproj", "{329A0AA6-09E3-68C1-CB7B-E186F4AF03CD}"
EndProject
Project("{FAE04EC0-301F-11D3-BF4B-00C04F79EFBC}") = "Assembly-CSharp", "Assembly-CSharp.csproj", "{15DE59BA-E439-B123-4ACD-754F0FE68FB4}"
EndProject
Project("{FAE04EC0-301F-11D3-BF4B-00C04F79EFBC}") = "CFXRRuntime", "CFXRRuntime.csproj", "{298964BE-11FD-E337-D5F6-908D318211B9}"
EndProject
Project("{FAE04EC0-301F-11D3-BF4B-00C04F79EFBC}") = "ToonyColorsPro.Demo.Editor", "ToonyColorsPro.Demo.Editor.csproj", "{673ACCB3-A2B0-65E9-22B6-F06A2FDCC59C}"
EndProject
Project("{FAE04EC0-301F-11D3-BF4B-00C04F79EFBC}") = "CFXREditor", "CFXREditor.csproj", "{E95C735D-524C-373C-176F-B67D56988AD8}"
EndProject
Project("{FAE04EC0-301F-11D3-BF4B-00C04F79EFBC}") = "CFXR.WelcomeScreen", "CFXR.WelcomeScreen.csproj", "{B5DE3599-8E6B-3D98-DEC6-A47DE1715888}"
EndProject
Global
	GlobalSection(SolutionConfigurationPlatforms) = preSolution
		Debug|Any CPU = Debug|Any CPU
		Release|Any CPU = Release|Any CPU
	EndGlobalSection
	GlobalSection(ProjectConfigurationPlatforms) = postSolution
		{1C4407BD-E723-782C-1093-10796C9009DB}.Debug|Any CPU.ActiveCfg = Debug|Any CPU
		{1C4407BD-E723-782C-1093-10796C9009DB}.Debug|Any CPU.Build.0 = Debug|Any CPU
		{1C4407BD-E723-782C-1093-10796C9009DB}.Release|Any CPU.ActiveCfg = Release|Any CPU
		{1C4407BD-E723-782C-1093-10796C9009DB}.Release|Any CPU.Build.0 = Release|Any CPU
		{329A0AA6-09E3-68C1-CB7B-E186F4AF03CD}.Debug|Any CPU.ActiveCfg = Debug|Any CPU
		{329A0AA6-09E3-68C1-CB7B-E186F4AF03CD}.Debug|Any CPU.Build.0 = Debug|Any CPU
		{329A0AA6-09E3-68C1-CB7B-E186F4AF03CD}.Release|Any CPU.ActiveCfg = Release|Any CPU
		{329A0AA6-09E3-68C1-CB7B-E186F4AF03CD}.Release|Any CPU.Build.0 = Release|Any CPU
		{15DE59BA-E439-B123-4ACD-754F0FE68FB4}.Debug|Any CPU.ActiveCfg = Debug|Any CPU
		{15DE59BA-E439-B123-4ACD-754F0FE68FB4}.Debug|Any CPU.Build.0 = Debug|Any CPU
		{15DE59BA-E439-B123-4ACD-754F0FE68FB4}.Release|Any CPU.ActiveCfg = Release|Any CPU
		{15DE59BA-E439-B123-4ACD-754F0FE68FB4}.Release|Any CPU.Build.0 = Release|Any CPU
		{298964BE-11FD-E337-D5F6-908D318211B9}.Debug|Any CPU.ActiveCfg = Debug|Any CPU
		{298964BE-11FD-E337-D5F6-908D318211B9}.Debug|Any CPU.Build.0 = Debug|Any CPU
		{298964BE-11FD-E337-D5F6-908D318211B9}.Release|Any CPU.ActiveCfg = Release|Any CPU
		{298964BE-11FD-E337-D5F6-908D318211B9}.Release|Any CPU.Build.0 = Release|Any CPU
		{673ACCB3-A2B0-65E9-22B6-F06A2FDCC59C}.Debug|Any CPU.ActiveCfg = Debug|Any CPU
		{673ACCB3-A2B0-65E9-22B6-F06A2FDCC59C}.Debug|Any CPU.Build.0 = Debug|Any CPU
		{673ACCB3-A2B0-65E9-22B6-F06A2FDCC59C}.Release|Any CPU.ActiveCfg = Release|Any CPU
		{673ACCB3-A2B0-65E9-22B6-F06A2FDCC59C}.Release|Any CPU.Build.0 = Release|Any CPU
		{E95C735D-524C-373C-176F-B67D56988AD8}.Debug|Any CPU.ActiveCfg = Debug|Any CPU
		{E95C735D-524C-373C-176F-B67D56988AD8}.Debug|Any CPU.Build.0 = Debug|Any CPU
		{E95C735D-524C-373C-176F-B67D56988AD8}.Release|Any CPU.ActiveCfg = Release|Any CPU
		{E95C735D-524C-373C-176F-B67D56988AD8}.Release|Any CPU.Build.0 = Release|Any CPU
		{B5DE3599-8E6B-3D98-DEC6-A47DE1715888}.Debug|Any CPU.ActiveCfg = Debug|Any CPU
		{B5DE3599-8E6B-3D98-DEC6-A47DE1715888}.Debug|Any CPU.Build.0 = Debug|Any CPU
		{B5DE3599-8E6B-3D98-DEC6-A47DE1715888}.Release|Any CPU.ActiveCfg = Release|Any CPU
		{B5DE3599-8E6B-3D98-DEC6-A47DE1715888}.Release|Any CPU.Build.0 = Release|Any CPU
	EndGlobalSection
	GlobalSection(SolutionProperties) = preSolution
		HideSolutionNode = FALSE
	EndGlobalSection
EndGlobal
